
Microsoft Visual Studio Solution File, Format Version 12.00
# Visual Studio 2013
VisualStudioVersion = 12.0.30501.0
MinimumVisualStudioVersion = 10.0.40219.1
Project("{D954291E-2A0B-460D-934E-DC6B0785DB48}") = "Kruskal.Shared", "Kruskal.Shared\Kruskal.Shared.shproj", "{7550B1FF-BCCF-465D-AFF7-E31BAF616288}"
EndProject
Project("{262852C6-CD72-467D-83FE-5EEB1973A190}") = "Kruskal.Windows", "Kruskal.Windows\Kruskal.Windows.jsproj", "{2EC2C3BB-8D4C-493D-A837-CBDE9883E1CD}"
EndProject
Project("{262852C6-CD72-467D-83FE-5EEB1973A190}") = "Kruskal.WindowsPhone", "Kruskal.WindowsPhone\Kruskal.WindowsPhone.jsproj", "{2A6FEDF6-8CE5-4B49-B2C9-08AA58D10548}"
EndProject
Project("{2150E333-8FDC-42A3-9474-1A3956D46DE8}") = "Kruskal.RT", "Kruskal.RT", "{75D23C7A-5412-4498-B0B9-3A592D93E7D6}"
EndProject
Project("{8BC9CEB8-8B4A-11D0-8D11-00A0C91BC942}") = "Kruskal.RT.Shared", "Kruskal.RT\Kruskal.RT.Shared\Kruskal.RT.Shared.vcxitems", "{17204B4B-62A4-4490-BA13-5A70C9E3DF53}"
EndProject
Project("{8BC9CEB8-8B4A-11D0-8D11-00A0C91BC942}") = "Kruskal.RT.Windows", "Kruskal.RT\Kruskal.RT.Windows\Kruskal.RT.Windows.vcxproj", "{025B2A84-8506-4D5A-8378-C04B584C9331}"
EndProject
Project("{8BC9CEB8-8B4A-11D0-8D11-00A0C91BC942}") = "Kruskal.RT.WindowsPhone", "Kruskal.RT\Kruskal.RT.WindowsPhone\Kruskal.RT.WindowsPhone.vcxproj", "{5B493CF4-E77A-4526-ADF6-CEA52DBBB466}"
EndProject
Global
	GlobalSection(SharedMSBuildProjectFiles) = preSolution
		Kruskal.Shared\Kruskal.Shared.projitems*{2a6fedf6-8ce5-4b49-b2c9-08aa58d10548}*SharedItemsImports = 5
		Kruskal.Shared\Kruskal.Shared.projitems*{7550b1ff-bccf-465d-aff7-e31baf616288}*SharedItemsImports = 13
		Kruskal.RT\Kruskal.RT.Shared\Kruskal.RT.Shared.vcxitems*{17204b4b-62a4-4490-ba13-5a70c9e3df53}*SharedItemsImports = 9
		Kruskal.RT\Kruskal.RT.Shared\Kruskal.RT.Shared.vcxitems*{025b2a84-8506-4d5a-8378-c04b584c9331}*SharedItemsImports = 4
		Kruskal.Shared\Kruskal.Shared.projitems*{2ec2c3bb-8d4c-493d-a837-cbde9883e1cd}*SharedItemsImports = 5
		Kruskal.RT\Kruskal.RT.Shared\Kruskal.RT.Shared.vcxitems*{5b493cf4-e77a-4526-adf6-cea52dbbb466}*SharedItemsImports = 4
	EndGlobalSection
	GlobalSection(SolutionConfigurationPlatforms) = preSolution
		Debug|Any CPU = Debug|Any CPU
		Debug|ARM = Debug|ARM
		Debug|Mixed Platforms = Debug|Mixed Platforms
		Debug|Win32 = Debug|Win32
		Debug|x64 = Debug|x64
		Debug|x86 = Debug|x86
		Release|Any CPU = Release|Any CPU
		Release|ARM = Release|ARM
		Release|Mixed Platforms = Release|Mixed Platforms
		Release|Win32 = Release|Win32
		Release|x64 = Release|x64
		Release|x86 = Release|x86
	EndGlobalSection
	GlobalSection(ProjectConfigurationPlatforms) = postSolution
		{2EC2C3BB-8D4C-493D-A837-CBDE9883E1CD}.Debug|Any CPU.ActiveCfg = Debug|Any CPU
		{2EC2C3BB-8D4C-493D-A837-CBDE9883E1CD}.Debug|Any CPU.Build.0 = Debug|Any CPU
		{2EC2C3BB-8D4C-493D-A837-CBDE9883E1CD}.Debug|Any CPU.Deploy.0 = Debug|Any CPU
		{2EC2C3BB-8D4C-493D-A837-CBDE9883E1CD}.Debug|ARM.ActiveCfg = Debug|ARM
		{2EC2C3BB-8D4C-493D-A837-CBDE9883E1CD}.Debug|ARM.Build.0 = Debug|ARM
		{2EC2C3BB-8D4C-493D-A837-CBDE9883E1CD}.Debug|ARM.Deploy.0 = Debug|ARM
		{2EC2C3BB-8D4C-493D-A837-CBDE9883E1CD}.Debug|Mixed Platforms.ActiveCfg = Debug|x86
		{2EC2C3BB-8D4C-493D-A837-CBDE9883E1CD}.Debug|Mixed Platforms.Build.0 = Debug|x86
		{2EC2C3BB-8D4C-493D-A837-CBDE9883E1CD}.Debug|Mixed Platforms.Deploy.0 = Debug|x86
		{2EC2C3BB-8D4C-493D-A837-CBDE9883E1CD}.Debug|Win32.ActiveCfg = Debug|x86
		{2EC2C3BB-8D4C-493D-A837-CBDE9883E1CD}.Debug|Win32.Build.0 = Debug|x86
		{2EC2C3BB-8D4C-493D-A837-CBDE9883E1CD}.Debug|Win32.Deploy.0 = Debug|x86
		{2EC2C3BB-8D4C-493D-A837-CBDE9883E1CD}.Debug|x64.ActiveCfg = Debug|x64
		{2EC2C3BB-8D4C-493D-A837-CBDE9883E1CD}.Debug|x64.Build.0 = Debug|x64
		{2EC2C3BB-8D4C-493D-A837-CBDE9883E1CD}.Debug|x64.Deploy.0 = Debug|x64
		{2EC2C3BB-8D4C-493D-A837-CBDE9883E1CD}.Debug|x86.ActiveCfg = Debug|x86
		{2EC2C3BB-8D4C-493D-A837-CBDE9883E1CD}.Debug|x86.Build.0 = Debug|x86
		{2EC2C3BB-8D4C-493D-A837-CBDE9883E1CD}.Debug|x86.Deploy.0 = Debug|x86
		{2EC2C3BB-8D4C-493D-A837-CBDE9883E1CD}.Release|Any CPU.ActiveCfg = Release|Any CPU
		{2EC2C3BB-8D4C-493D-A837-CBDE9883E1CD}.Release|Any CPU.Build.0 = Release|Any CPU
		{2EC2C3BB-8D4C-493D-A837-CBDE9883E1CD}.Release|Any CPU.Deploy.0 = Release|Any CPU
		{2EC2C3BB-8D4C-493D-A837-CBDE9883E1CD}.Release|ARM.ActiveCfg = Release|ARM
		{2EC2C3BB-8D4C-493D-A837-CBDE9883E1CD}.Release|ARM.Build.0 = Release|ARM
		{2EC2C3BB-8D4C-493D-A837-CBDE9883E1CD}.Release|ARM.Deploy.0 = Release|ARM
		{2EC2C3BB-8D4C-493D-A837-CBDE9883E1CD}.Release|Mixed Platforms.ActiveCfg = Release|x86
		{2EC2C3BB-8D4C-493D-A837-CBDE9883E1CD}.Release|Mixed Platforms.Build.0 = Release|x86
		{2EC2C3BB-8D4C-493D-A837-CBDE9883E1CD}.Release|Mixed Platforms.Deploy.0 = Release|x86
		{2EC2C3BB-8D4C-493D-A837-CBDE9883E1CD}.Release|Win32.ActiveCfg = Release|x86
		{2EC2C3BB-8D4C-493D-A837-CBDE9883E1CD}.Release|Win32.Build.0 = Release|x86
		{2EC2C3BB-8D4C-493D-A837-CBDE9883E1CD}.Release|Win32.Deploy.0 = Release|x86
		{2EC2C3BB-8D4C-493D-A837-CBDE9883E1CD}.Release|x64.ActiveCfg = Release|x64
		{2EC2C3BB-8D4C-493D-A837-CBDE9883E1CD}.Release|x64.Build.0 = Release|x64
		{2EC2C3BB-8D4C-493D-A837-CBDE9883E1CD}.Release|x64.Deploy.0 = Release|x64
		{2EC2C3BB-8D4C-493D-A837-CBDE9883E1CD}.Release|x86.ActiveCfg = Release|x86
		{2EC2C3BB-8D4C-493D-A837-CBDE9883E1CD}.Release|x86.Build.0 = Release|x86
		{2EC2C3BB-8D4C-493D-A837-CBDE9883E1CD}.Release|x86.Deploy.0 = Release|x86
		{2A6FEDF6-8CE5-4B49-B2C9-08AA58D10548}.Debug|Any CPU.ActiveCfg = Debug|Any CPU
		{2A6FEDF6-8CE5-4B49-B2C9-08AA58D10548}.Debug|Any CPU.Build.0 = Debug|Any CPU
		{2A6FEDF6-8CE5-4B49-B2C9-08AA58D10548}.Debug|Any CPU.Deploy.0 = Debug|Any CPU
		{2A6FEDF6-8CE5-4B49-B2C9-08AA58D10548}.Debug|ARM.ActiveCfg = Debug|ARM
		{2A6FEDF6-8CE5-4B49-B2C9-08AA58D10548}.Debug|ARM.Build.0 = Debug|ARM
		{2A6FEDF6-8CE5-4B49-B2C9-08AA58D10548}.Debug|ARM.Deploy.0 = Debug|ARM
		{2A6FEDF6-8CE5-4B49-B2C9-08AA58D10548}.Debug|Mixed Platforms.ActiveCfg = Debug|x86
		{2A6FEDF6-8CE5-4B49-B2C9-08AA58D10548}.Debug|Mixed Platforms.Build.0 = Debug|x86
		{2A6FEDF6-8CE5-4B49-B2C9-08AA58D10548}.Debug|Mixed Platforms.Deploy.0 = Debug|x86
		{2A6FEDF6-8CE5-4B49-B2C9-08AA58D10548}.Debug|Win32.ActiveCfg = Debug|x86
		{2A6FEDF6-8CE5-4B49-B2C9-08AA58D10548}.Debug|Win32.Build.0 = Debug|x86
		{2A6FEDF6-8CE5-4B49-B2C9-08AA58D10548}.Debug|Win32.Deploy.0 = Debug|x86
		{2A6FEDF6-8CE5-4B49-B2C9-08AA58D10548}.Debug|x64.ActiveCfg = Debug|Any CPU
		{2A6FEDF6-8CE5-4B49-B2C9-08AA58D10548}.Debug|x86.ActiveCfg = Debug|x86
		{2A6FEDF6-8CE5-4B49-B2C9-08AA58D10548}.Debug|x86.Build.0 = Debug|x86
		{2A6FEDF6-8CE5-4B49-B2C9-08AA58D10548}.Debug|x86.Deploy.0 = Debug|x86
		{2A6FEDF6-8CE5-4B49-B2C9-08AA58D10548}.Release|Any CPU.ActiveCfg = Release|Any CPU
		{2A6FEDF6-8CE5-4B49-B2C9-08AA58D10548}.Release|Any CPU.Build.0 = Release|Any CPU
		{2A6FEDF6-8CE5-4B49-B2C9-08AA58D10548}.Release|Any CPU.Deploy.0 = Release|Any CPU
		{2A6FEDF6-8CE5-4B49-B2C9-08AA58D10548}.Release|ARM.ActiveCfg = Release|ARM
		{2A6FEDF6-8CE5-4B49-B2C9-08AA58D10548}.Release|ARM.Build.0 = Release|ARM
		{2A6FEDF6-8CE5-4B49-B2C9-08AA58D10548}.Release|ARM.Deploy.0 = Release|ARM
		{2A6FEDF6-8CE5-4B49-B2C9-08AA58D10548}.Release|Mixed Platforms.ActiveCfg = Release|x86
		{2A6FEDF6-8CE5-4B49-B2C9-08AA58D10548}.Release|Mixed Platforms.Build.0 = Release|x86
		{2A6FEDF6-8CE5-4B49-B2C9-08AA58D10548}.Release|Mixed Platforms.Deploy.0 = Release|x86
		{2A6FEDF6-8CE5-4B49-B2C9-08AA58D10548}.Release|Win32.ActiveCfg = Release|x86
		{2A6FEDF6-8CE5-4B49-B2C9-08AA58D10548}.Release|Win32.Build.0 = Release|x86
		{2A6FEDF6-8CE5-4B49-B2C9-08AA58D10548}.Release|Win32.Deploy.0 = Release|x86
		{2A6FEDF6-8CE5-4B49-B2C9-08AA58D10548}.Release|x64.ActiveCfg = Release|Any CPU
		{2A6FEDF6-8CE5-4B49-B2C9-08AA58D10548}.Release|x86.ActiveCfg = Release|x86
		{2A6FEDF6-8CE5-4B49-B2C9-08AA58D10548}.Release|x86.Build.0 = Release|x86
		{2A6FEDF6-8CE5-4B49-B2C9-08AA58D10548}.Release|x86.Deploy.0 = Release|x86
		{025B2A84-8506-4D5A-8378-C04B584C9331}.Debug|Any CPU.ActiveCfg = Debug|Win32
		{025B2A84-8506-4D5A-8378-C04B584C9331}.Debug|ARM.ActiveCfg = Debug|ARM
		{025B2A84-8506-4D5A-8378-C04B584C9331}.Debug|ARM.Build.0 = Debug|ARM
		{025B2A84-8506-4D5A-8378-C04B584C9331}.Debug|Mixed Platforms.ActiveCfg = Debug|Win32
		{025B2A84-8506-4D5A-8378-C04B584C9331}.Debug|Mixed Platforms.Build.0 = Debug|Win32
		{025B2A84-8506-4D5A-8378-C04B584C9331}.Debug|Win32.ActiveCfg = Debug|Win32
		{025B2A84-8506-4D5A-8378-C04B584C9331}.Debug|Win32.Build.0 = Debug|Win32
		{025B2A84-8506-4D5A-8378-C04B584C9331}.Debug|x64.ActiveCfg = Debug|x64
		{025B2A84-8506-4D5A-8378-C04B584C9331}.Debug|x64.Build.0 = Debug|x64
		{025B2A84-8506-4D5A-8378-C04B584C9331}.Debug|x86.ActiveCfg = Debug|Win32
		{025B2A84-8506-4D5A-8378-C04B584C9331}.Debug|x86.Build.0 = Debug|Win32
		{025B2A84-8506-4D5A-8378-C04B584C9331}.Release|Any CPU.ActiveCfg = Release|Win32
		{025B2A84-8506-4D5A-8378-C04B584C9331}.Release|ARM.ActiveCfg = Release|ARM
		{025B2A84-8506-4D5A-8378-C04B584C9331}.Release|ARM.Build.0 = Release|ARM
		{025B2A84-8506-4D5A-8378-C04B584C9331}.Release|Mixed Platforms.ActiveCfg = Release|Win32
		{025B2A84-8506-4D5A-8378-C04B584C9331}.Release|Mixed Platforms.Build.0 = Release|Win32
		{025B2A84-8506-4D5A-8378-C04B584C9331}.Release|Win32.ActiveCfg = Release|Win32
		{025B2A84-8506-4D5A-8378-C04B584C9331}.Release|Win32.Build.0 = Release|Win32
		{025B2A84-8506-4D5A-8378-C04B584C9331}.Release|x64.ActiveCfg = Release|x64
		{025B2A84-8506-4D5A-8378-C04B584C9331}.Release|x64.Build.0 = Release|x64
		{025B2A84-8506-4D5A-8378-C04B584C9331}.Release|x86.ActiveCfg = Release|Win32
		{025B2A84-8506-4D5A-8378-C04B584C9331}.Release|x86.Build.0 = Release|Win32
		{5B493CF4-E77A-4526-ADF6-CEA52DBBB466}.Debug|Any CPU.ActiveCfg = Debug|Win32
		{5B493CF4-E77A-4526-ADF6-CEA52DBBB466}.Debug|ARM.ActiveCfg = Debug|ARM
		{5B493CF4-E77A-4526-ADF6-CEA52DBBB466}.Debug|ARM.Build.0 = Debug|ARM
		{5B493CF4-E77A-4526-ADF6-CEA52DBBB466}.Debug|Mixed Platforms.ActiveCfg = Debug|Win32
		{5B493CF4-E77A-4526-ADF6-CEA52DBBB466}.Debug|Mixed Platforms.Build.0 = Debug|Win32
		{5B493CF4-E77A-4526-ADF6-CEA52DBBB466}.Debug|Win32.ActiveCfg = Debug|Win32
		{5B493CF4-E77A-4526-ADF6-CEA52DBBB466}.Debug|Win32.Build.0 = Debug|Win32
		{5B493CF4-E77A-4526-ADF6-CEA52DBBB466}.Debug|x64.ActiveCfg = Debug|Win32
		{5B493CF4-E77A-4526-ADF6-CEA52DBBB466}.Debug|x86.ActiveCfg = Debug|Win32
		{5B493CF4-E77A-4526-ADF6-CEA52DBBB466}.Debug|x86.Build.0 = Debug|Win32
		{5B493CF4-E77A-4526-ADF6-CEA52DBBB466}.Release|Any CPU.ActiveCfg = Release|Win32
		{5B493CF4-E77A-4526-ADF6-CEA52DBBB466}.Release|ARM.ActiveCfg = Release|ARM
		{5B493CF4-E77A-4526-ADF6-CEA52DBBB466}.Release|ARM.Build.0 = Release|ARM
		{5B493CF4-E77A-4526-ADF6-CEA52DBBB466}.Release|Mixed Platforms.ActiveCfg = Release|Win32
		{5B493CF4-E77A-4526-ADF6-CEA52DBBB466}.Release|Mixed Platforms.Build.0 = Release|Win32
		{5B493CF4-E77A-4526-ADF6-CEA52DBBB466}.Release|Win32.ActiveCfg = Release|Win32
		{5B493CF4-E77A-4526-ADF6-CEA52DBBB466}.Release|Win32.Build.0 = Release|Win32
		{5B493CF4-E77A-4526-ADF6-CEA52DBBB466}.Release|x64.ActiveCfg = Release|Win32
		{5B493CF4-E77A-4526-ADF6-CEA52DBBB466}.Release|x86.ActiveCfg = Release|Win32
		{5B493CF4-E77A-4526-ADF6-CEA52DBBB466}.Release|x86.Build.0 = Release|Win32
	EndGlobalSection
	GlobalSection(SolutionProperties) = preSolution
		HideSolutionNode = FALSE
	EndGlobalSection
	GlobalSection(NestedProjects) = preSolution
		{17204B4B-62A4-4490-BA13-5A70C9E3DF53} = {75D23C7A-5412-4498-B0B9-3A592D93E7D6}
		{025B2A84-8506-4D5A-8378-C04B584C9331} = {75D23C7A-5412-4498-B0B9-3A592D93E7D6}
		{5B493CF4-E77A-4526-ADF6-CEA52DBBB466} = {75D23C7A-5412-4498-B0B9-3A592D93E7D6}
	EndGlobalSection
EndGlobal
